
Microsoft Visual Studio Solution File, Format Version 12.00
# Visual Studio Version 17
VisualStudioVersion = 17.1.31903.286
MinimumVisualStudioVersion = 10.0.40219.1
Project("{FAE04EC0-301F-11D3-BF4B-00C04F79EFBC}") = "NajotTalimUoW.Api", "NajotTalimUoW.Api\NajotTalimUoW.Api.csproj", "{575B5C0D-CE1A-48A3-A83F-0B6CF371C131}"
EndProject
Project("{FAE04EC0-301F-11D3-BF4B-00C04F79EFBC}") = "NajotTalimUoW.Domain", "NajotTalimUoW.Domain\NajotTalimUoW.Domain.csproj", "{D3249B97-ECAB-4DB0-ABEF-16A5299FD03E}"
EndProject
Project("{FAE04EC0-301F-11D3-BF4B-00C04F79EFBC}") = "NajotTalimUoW.Data", "NajotTalimUoW.Data\NajotTalimUoW.Data.csproj", "{6AFA7ECC-9307-4534-9914-2B42A7757D19}"
EndProject
Project("{FAE04EC0-301F-11D3-BF4B-00C04F79EFBC}") = "NajotTalimUoW.Service", "NajotTalimUoW.Service\NajotTalimUoW.Service.csproj", "{EC5FB268-157D-4885-8FDE-74646151B72D}"
EndProject
Global
	GlobalSection(SolutionConfigurationPlatforms) = preSolution
		Debug|Any CPU = Debug|Any CPU
		Release|Any CPU = Release|Any CPU
	EndGlobalSection
	GlobalSection(ProjectConfigurationPlatforms) = postSolution
		{575B5C0D-CE1A-48A3-A83F-0B6CF371C131}.Debug|Any CPU.ActiveCfg = Debug|Any CPU
		{575B5C0D-CE1A-48A3-A83F-0B6CF371C131}.Debug|Any CPU.Build.0 = Debug|Any CPU
		{575B5C0D-CE1A-48A3-A83F-0B6CF371C131}.Release|Any CPU.ActiveCfg = Release|Any CPU
		{575B5C0D-CE1A-48A3-A83F-0B6CF371C131}.Release|Any CPU.Build.0 = Release|Any CPU
		{D3249B97-ECAB-4DB0-ABEF-16A5299FD03E}.Debug|Any CPU.ActiveCfg = Debug|Any CPU
		{D3249B97-ECAB-4DB0-ABEF-16A5299FD03E}.Debug|Any CPU.Build.0 = Debug|Any CPU
		{D3249B97-ECAB-4DB0-ABEF-16A5299FD03E}.Release|Any CPU.ActiveCfg = Release|Any CPU
		{D3249B97-ECAB-4DB0-ABEF-16A5299FD03E}.Release|Any CPU.Build.0 = Release|Any CPU
		{6AFA7ECC-9307-4534-9914-2B42A7757D19}.Debug|Any CPU.ActiveCfg = Debug|Any CPU
		{6AFA7ECC-9307-4534-9914-2B42A7757D19}.Debug|Any CPU.Build.0 = Debug|Any CPU
		{6AFA7ECC-9307-4534-9914-2B42A7757D19}.Release|Any CPU.ActiveCfg = Release|Any CPU
		{6AFA7ECC-9307-4534-9914-2B42A7757D19}.Release|Any CPU.Build.0 = Release|Any CPU
		{EC5FB268-157D-4885-8FDE-74646151B72D}.Debug|Any CPU.ActiveCfg = Debug|Any CPU
		{EC5FB268-157D-4885-8FDE-74646151B72D}.Debug|Any CPU.Build.0 = Debug|Any CPU
		{EC5FB268-157D-4885-8FDE-74646151B72D}.Release|Any CPU.ActiveCfg = Release|Any CPU
		{EC5FB268-157D-4885-8FDE-74646151B72D}.Release|Any CPU.Build.0 = Release|Any CPU
	EndGlobalSection
	GlobalSection(SolutionProperties) = preSolution
		HideSolutionNode = FALSE
	EndGlobalSection
	GlobalSection(ExtensibilityGlobals) = postSolution
		SolutionGuid = {AC1A9973-4B1A-4F5E-B4D8-5DF7B228C653}
	EndGlobalSection
EndGlobal
